<?xml version="1.0" encoding="utf-8"?>
<Project ToolsVersion="4.0" xmlns="http://schemas.microsoft.com/developer/msbuild/2003">
  <ItemGroup>
    <Filter Include="源文件">
      <UniqueIdentifier>{4FC737F1-C7A5-4376-A066-2A32D752A2FF}</UniqueIdentifier>
      <Extensions>cpp;c;cc;cxx;def;odl;idl;hpj;bat;asm;asmx</Extensions>
    </Filter>
    <Filter Include="头文件">
      <UniqueIdentifier>{93995380-89BD-4b04-88EB-625FBE52EBFB}</UniqueIdentifier>
      <Extensions>h;hh;hpp;hxx;hm;inl;inc;ipp;xsd</Extensions>
    </Filter>
    <Filter Include="资源文件">
      <UniqueIdentifier>{67DA6AB6-F800-4c08-8B7A-83BB121AAD01}</UniqueIdentifier>
      <Extensions>rc;ico;cur;bmp;dlg;rc2;rct;bin;rgs;gif;jpg;jpeg;jpe;resx;tiff;tif;png;wav;mfcribbon-ms</Extensions>
    </Filter>
  </ItemGroup>
  <ItemGroup>
    <ClCompile Include="srs_librtmp.cpp">
      <Filter>源文件</Filter>
    </ClCompile>
    <ClCompile Include="rtsp_pull.cpp">
      <Filter>源文件</Filter>
    </ClCompile>
    <ClCompile Include="push_manage.cpp">
      <Filter>源文件</Filter>
    </ClCompile>
    <ClCompile Include="audio_transcode.cpp">
      <Filter>源文件</Filter>
    </ClCompile>
    <ClCompile Include="filter.cpp">
      <Filter>源文件</Filter>
    </ClCompile>
    <ClCompile Include="filter_aresample.cpp">
      <Filter>源文件</Filter>
    </ClCompile>
    <ClCompile Include="timestamp.cpp">
      <Filter>源文件</Filter>
    </ClCompile>
    <ClCompile Include="rtmp_push.cpp">
      <Filter>源文件</Filter>
    </ClCompile>
    <ClCompile Include="app.cpp">
      <Filter>源文件</Filter>
    </ClCompile>
  </ItemGroup>
  <ItemGroup>
    <ClInclude Include="srs_librtmp.h">
      <Filter>头文件</Filter>
    </ClInclude>
    <ClInclude Include="rtmp_push.hpp">
      <Filter>头文件</Filter>
    </ClInclude>
    <ClInclude Include="rtsp_pull.hpp">
      <Filter>头文件</Filter>
    </ClInclude>
    <ClInclude Include="push_manage.hpp">
      <Filter>头文件</Filter>
    </ClInclude>
    <ClInclude Include="audio_transcode.hpp">
      <Filter>头文件</Filter>
    </ClInclude>
    <ClInclude Include="timestamp.hpp">
      <Filter>头文件</Filter>
    </ClInclude>
    <ClInclude Include="error_define.h">
      <Filter>头文件</Filter>
    </ClInclude>
    <ClInclude Include="headers_ffmpeg.h">
      <Filter>头文件</Filter>
    </ClInclude>
    <ClInclude Include="log_helper.h">
      <Filter>头文件</Filter>
    </ClInclude>
    <ClInclude Include="filter.hpp">
      <Filter>头文件</Filter>
    </ClInclude>
    <ClInclude Include="filter_aresample.hpp">
      <Filter>头文件</Filter>
    </ClInclude>
    <ClInclude Include="app.hpp">
      <Filter>头文件</Filter>
    </ClInclude>
    <ClInclude Include="winmain-inl.h">
      <Filter>头文件</Filter>
    </ClInclude>
  </ItemGroup>
</Project>